{
  "pins" : [
    {
      "identity" : "wwprint",
      "kind" : "remoteSourceControl",
      "location" : "https://github.com/William-Weng/WWPrint.git",
      "state" : {
        "revision" : "e4ad2863717465f224aa676f10a3a7ff1df58f7c",
        "version" : "1.0.0"
      }
    },
    {
      "identity" : "wwtoast",
      "kind" : "remoteSourceControl",
      "location" : "https://github.com/William-Weng/WWToast",
      "state" : {
        "revision" : "30473509e4066c4b1f47920787f0ae7d88aa0a72",
        "version" : "1.1.0"
      }
    }
  ],
  "version" : 2
}
